// !$*UTF8*$!
{
	archiveVersion = 1;
	classes = {
	};
	objectVersion = 56;
	objects = {

/* Begin PBXBuildFile section */
		B00021A72BCD1B6600DAB66B /* AppDelegate.swift in Sources */ = {isa = PBXBuildFile; fileRef = B00021A62BCD1B6600DAB66B /* AppDelegate.swift */; };
		B00775272BB8A52300DD393C /* InertiaApp.swift in Sources */ = {isa = PBXBuildFile; fileRef = B00775262BB8A52300DD393C /* InertiaApp.swift */; };
		B00775292BB8A52300DD393C /* RootScreen.swift in Sources */ = {isa = PBXBuildFile; fileRef = B00775282BB8A52300DD393C /* RootScreen.swift */; };
		B007752B2BB8A52500DD393C /* Assets.xcassets in Resources */ = {isa = PBXBuildFile; fileRef = B007752A2BB8A52500DD393C /* Assets.xcassets */; };
		B007752E2BB8A52500DD393C /* Preview Assets.xcassets in Resources */ = {isa = PBXBuildFile; fileRef = B007752D2BB8A52500DD393C /* Preview Assets.xcassets */; };
		B00775382BB8A8FD00DD393C /* AuthService.swift in Sources */ = {isa = PBXBuildFile; fileRef = B00775372BB8A8FD00DD393C /* AuthService.swift */; };
		B007753A2BB8A92800DD393C /* User.swift in Sources */ = {isa = PBXBuildFile; fileRef = B00775392BB8A92800DD393C /* User.swift */; };
		B007753F2BB8AB9500DD393C /* Constants.swift in Sources */ = {isa = PBXBuildFile; fileRef = B007753E2BB8AB9500DD393C /* Constants.swift */; };
		B00775412BB8ABF600DD393C /* Endpoints.swift in Sources */ = {isa = PBXBuildFile; fileRef = B00775402BB8ABF600DD393C /* Endpoints.swift */; };
		B00775432BB8B10500DD393C /* LoginScreen.swift in Sources */ = {isa = PBXBuildFile; fileRef = B00775422BB8B10500DD393C /* LoginScreen.swift */; };
		B00775462BB8B22300DD393C /* HomeScreen.swift in Sources */ = {isa = PBXBuildFile; fileRef = B00775452BB8B22300DD393C /* HomeScreen.swift */; };
		B00775482BB8B84B00DD393C /* Color.swift in Sources */ = {isa = PBXBuildFile; fileRef = B00775472BB8B84B00DD393C /* Color.swift */; };
		B007754A2BB8C15700DD393C /* Keychain.swift in Sources */ = {isa = PBXBuildFile; fileRef = B00775492BB8C15700DD393C /* Keychain.swift */; };
		B007754C2BB9358400DD393C /* TopBarMenu.swift in Sources */ = {isa = PBXBuildFile; fileRef = B007754B2BB9358400DD393C /* TopBarMenu.swift */; };
		B007754E2BB93B6E00DD393C /* Haptics.swift in Sources */ = {isa = PBXBuildFile; fileRef = B007754D2BB93B6E00DD393C /* Haptics.swift */; };
		B00775502BB96B2B00DD393C /* Game.swift in Sources */ = {isa = PBXBuildFile; fileRef = B007754F2BB96B2B00DD393C /* Game.swift */; };
		B00775532BB96CBA00DD393C /* GameItem.swift in Sources */ = {isa = PBXBuildFile; fileRef = B00775522BB96CBA00DD393C /* GameItem.swift */; };
		B00775552BB96CC400DD393C /* GameService.swift in Sources */ = {isa = PBXBuildFile; fileRef = B00775542BB96CC400DD393C /* GameService.swift */; };
		B00775572BB96DBA00DD393C /* GameList.swift in Sources */ = {isa = PBXBuildFile; fileRef = B00775562BB96DBA00DD393C /* GameList.swift */; };
		B007755A2BB9B12600DD393C /* Team.swift in Sources */ = {isa = PBXBuildFile; fileRef = B00775592BB9B12600DD393C /* Team.swift */; };
		B007755C2BB9B40200DD393C /* TeamService.swift in Sources */ = {isa = PBXBuildFile; fileRef = B007755B2BB9B40200DD393C /* TeamService.swift */; };
		B007755E2BB9B66D00DD393C /* TeamItem.swift in Sources */ = {isa = PBXBuildFile; fileRef = B007755D2BB9B66D00DD393C /* TeamItem.swift */; };
		B00775602BB9BBC000DD393C /* TeamList.swift in Sources */ = {isa = PBXBuildFile; fileRef = B007755F2BB9BBC000DD393C /* TeamList.swift */; };
		B00775622BB9CE0500DD393C /* GameCreateScreen.swift in Sources */ = {isa = PBXBuildFile; fileRef = B00775612BB9CE0400DD393C /* GameCreateScreen.swift */; };
		B00775652BBD2E2200DD393C /* TeamPlayWrapper.swift in Sources */ = {isa = PBXBuildFile; fileRef = B00775642BBD2E2200DD393C /* TeamPlayWrapper.swift */; };
		B00775672BBD357600DD393C /* TeamPlayMenuController.swift in Sources */ = {isa = PBXBuildFile; fileRef = B00775662BBD357600DD393C /* TeamPlayMenuController.swift */; };
		B00775692BBD459400DD393C /* TeamPlayController.swift in Sources */ = {isa = PBXBuildFile; fileRef = B00775682BBD459400DD393C /* TeamPlayController.swift */; };
		B007756B2BBD573100DD393C /* UILabel+addCharacterSpacing.swift in Sources */ = {isa = PBXBuildFile; fileRef = B007756A2BBD573100DD393C /* UILabel+addCharacterSpacing.swift */; };
		B007756D2BC3C59900DD393C /* ExpandedTeamList.swift in Sources */ = {isa = PBXBuildFile; fileRef = B007756C2BC3C59900DD393C /* ExpandedTeamList.swift */; };
		B0523EAD2BC5234A00657990 /* LocationManager.swift in Sources */ = {isa = PBXBuildFile; fileRef = B0523EAC2BC5234A00657990 /* LocationManager.swift */; };
		B0523ECB2BC6815000657990 /* Quest.swift in Sources */ = {isa = PBXBuildFile; fileRef = B0523ECA2BC6815000657990 /* Quest.swift */; };
		B0523ED32BC6B05000657990 /* WidgetKit.framework in Frameworks */ = {isa = PBXBuildFile; fileRef = B0523ED22BC6B05000657990 /* WidgetKit.framework */; };
		B0523ED52BC6B05000657990 /* SwiftUI.framework in Frameworks */ = {isa = PBXBuildFile; fileRef = B0523ED42BC6B05000657990 /* SwiftUI.framework */; };
		B0523ED82BC6B05000657990 /* InertiaWidgetsBundle.swift in Sources */ = {isa = PBXBuildFile; fileRef = B0523ED72BC6B05000657990 /* InertiaWidgetsBundle.swift */; };
		B0523EDA2BC6B05000657990 /* InertiaWidgetsLiveActivity.swift in Sources */ = {isa = PBXBuildFile; fileRef = B0523ED92BC6B05000657990 /* InertiaWidgetsLiveActivity.swift */; };
		B0523EDC2BC6B05000657990 /* InertiaWidgets.swift in Sources */ = {isa = PBXBuildFile; fileRef = B0523EDB2BC6B05000657990 /* InertiaWidgets.swift */; };
		B0523EDE2BC6B05000657990 /* AppIntent.swift in Sources */ = {isa = PBXBuildFile; fileRef = B0523EDD2BC6B05000657990 /* AppIntent.swift */; };
		B0523EE02BC6B05300657990 /* Assets.xcassets in Resources */ = {isa = PBXBuildFile; fileRef = B0523EDF2BC6B05300657990 /* Assets.xcassets */; };
		B0523EE42BC6B05300657990 /* InertiaWidgetsExtension.appex in Embed Foundation Extensions */ = {isa = PBXBuildFile; fileRef = B0523ED02BC6B05000657990 /* InertiaWidgetsExtension.appex */; settings = {ATTRIBUTES = (RemoveHeadersOnCopy, ); }; };
		B0523EEB2BC6B6A300657990 /* ActivityManager.swift in Sources */ = {isa = PBXBuildFile; fileRef = B0523EEA2BC6B6A300657990 /* ActivityManager.swift */; };
		B09FD1CB2BC3EA590016BB4A /* LocationPicker.swift in Sources */ = {isa = PBXBuildFile; fileRef = B09FD1CA2BC3EA590016BB4A /* LocationPicker.swift */; };
		B09FD1D02BC40AD50016BB4A /* ExpandedGameList.swift in Sources */ = {isa = PBXBuildFile; fileRef = B09FD1CF2BC40AD50016BB4A /* ExpandedGameList.swift */; };
/* End PBXBuildFile section */

/* Begin PBXContainerItemProxy section */
		B0523EE22BC6B05300657990 /* PBXContainerItemProxy */ = {
			isa = PBXContainerItemProxy;
			containerPortal = B007751B2BB8A52300DD393C /* Project object */;
			proxyType = 1;
			remoteGlobalIDString = B0523ECF2BC6B05000657990;
			remoteInfo = InertiaWidgetsExtension;
		};
/* End PBXContainerItemProxy section */

/* Begin PBXCopyFilesBuildPhase section */
		B0523EE82BC6B05300657990 /* Embed Foundation Extensions */ = {
			isa = PBXCopyFilesBuildPhase;
			buildActionMask = 2147483647;
			dstPath = "";
			dstSubfolderSpec = 13;
			files = (
				B0523EE42BC6B05300657990 /* InertiaWidgetsExtension.appex in Embed Foundation Extensions */,
			);
			name = "Embed Foundation Extensions";
			runOnlyForDeploymentPostprocessing = 0;
		};
/* End PBXCopyFilesBuildPhase section */

/* Begin PBXFileReference section */
		B00021A62BCD1B6600DAB66B /* AppDelegate.swift */ = {isa = PBXFileReference; lastKnownFileType = sourcecode.swift; path = AppDelegate.swift; sourceTree = "<group>"; };
		B00775232BB8A52300DD393C /* Inertia.app */ = {isa = PBXFileReference; explicitFileType = wrapper.application; includeInIndex = 0; path = Inertia.app; sourceTree = BUILT_PRODUCTS_DIR; };
		B00775262BB8A52300DD393C /* InertiaApp.swift */ = {isa = PBXFileReference; lastKnownFileType = sourcecode.swift; path = InertiaApp.swift; sourceTree = "<group>"; };
		B00775282BB8A52300DD393C /* RootScreen.swift */ = {isa = PBXFileReference; lastKnownFileType = sourcecode.swift; path = RootScreen.swift; sourceTree = "<group>"; };
		B007752A2BB8A52500DD393C /* Assets.xcassets */ = {isa = PBXFileReference; lastKnownFileType = folder.assetcatalog; path = Assets.xcassets; sourceTree = "<group>"; };
		B007752D2BB8A52500DD393C /* Preview Assets.xcassets */ = {isa = PBXFileReference; lastKnownFileType = folder.assetcatalog; path = "Preview Assets.xcassets"; sourceTree = "<group>"; };
		B00775372BB8A8FD00DD393C /* AuthService.swift */ = {isa = PBXFileReference; lastKnownFileType = sourcecode.swift; path = AuthService.swift; sourceTree = "<group>"; };
		B00775392BB8A92800DD393C /* User.swift */ = {isa = PBXFileReference; lastKnownFileType = sourcecode.swift; path = User.swift; sourceTree = "<group>"; };
		B007753E2BB8AB9500DD393C /* Constants.swift */ = {isa = PBXFileReference; lastKnownFileType = sourcecode.swift; path = Constants.swift; sourceTree = "<group>"; };
		B00775402BB8ABF600DD393C /* Endpoints.swift */ = {isa = PBXFileReference; lastKnownFileType = sourcecode.swift; path = Endpoints.swift; sourceTree = "<group>"; };
		B00775422BB8B10500DD393C /* LoginScreen.swift */ = {isa = PBXFileReference; lastKnownFileType = sourcecode.swift; path = LoginScreen.swift; sourceTree = "<group>"; };
		B00775452BB8B22300DD393C /* HomeScreen.swift */ = {isa = PBXFileReference; lastKnownFileType = sourcecode.swift; path = HomeScreen.swift; sourceTree = "<group>"; };
		B00775472BB8B84B00DD393C /* Color.swift */ = {isa = PBXFileReference; lastKnownFileType = sourcecode.swift; path = Color.swift; sourceTree = "<group>"; };
		B00775492BB8C15700DD393C /* Keychain.swift */ = {isa = PBXFileReference; lastKnownFileType = sourcecode.swift; path = Keychain.swift; sourceTree = "<group>"; };
		B007754B2BB9358400DD393C /* TopBarMenu.swift */ = {isa = PBXFileReference; lastKnownFileType = sourcecode.swift; path = TopBarMenu.swift; sourceTree = "<group>"; };
		B007754D2BB93B6E00DD393C /* Haptics.swift */ = {isa = PBXFileReference; lastKnownFileType = sourcecode.swift; path = Haptics.swift; sourceTree = "<group>"; };
		B007754F2BB96B2B00DD393C /* Game.swift */ = {isa = PBXFileReference; lastKnownFileType = sourcecode.swift; path = Game.swift; sourceTree = "<group>"; };
		B00775522BB96CBA00DD393C /* GameItem.swift */ = {isa = PBXFileReference; lastKnownFileType = sourcecode.swift; path = GameItem.swift; sourceTree = "<group>"; };
		B00775542BB96CC400DD393C /* GameService.swift */ = {isa = PBXFileReference; lastKnownFileType = sourcecode.swift; path = GameService.swift; sourceTree = "<group>"; };
		B00775562BB96DBA00DD393C /* GameList.swift */ = {isa = PBXFileReference; lastKnownFileType = sourcecode.swift; path = GameList.swift; sourceTree = "<group>"; };
		B00775592BB9B12600DD393C /* Team.swift */ = {isa = PBXFileReference; lastKnownFileType = sourcecode.swift; path = Team.swift; sourceTree = "<group>"; };
		B007755B2BB9B40200DD393C /* TeamService.swift */ = {isa = PBXFileReference; lastKnownFileType = sourcecode.swift; path = TeamService.swift; sourceTree = "<group>"; };
		B007755D2BB9B66D00DD393C /* TeamItem.swift */ = {isa = PBXFileReference; lastKnownFileType = sourcecode.swift; path = TeamItem.swift; sourceTree = "<group>"; };
		B007755F2BB9BBC000DD393C /* TeamList.swift */ = {isa = PBXFileReference; lastKnownFileType = sourcecode.swift; path = TeamList.swift; sourceTree = "<group>"; };
		B00775612BB9CE0400DD393C /* GameCreateScreen.swift */ = {isa = PBXFileReference; lastKnownFileType = sourcecode.swift; path = GameCreateScreen.swift; sourceTree = "<group>"; };
		B00775642BBD2E2200DD393C /* TeamPlayWrapper.swift */ = {isa = PBXFileReference; lastKnownFileType = sourcecode.swift; path = TeamPlayWrapper.swift; sourceTree = "<group>"; };
		B00775662BBD357600DD393C /* TeamPlayMenuController.swift */ = {isa = PBXFileReference; lastKnownFileType = sourcecode.swift; path = TeamPlayMenuController.swift; sourceTree = "<group>"; };
		B00775682BBD459400DD393C /* TeamPlayController.swift */ = {isa = PBXFileReference; lastKnownFileType = sourcecode.swift; path = TeamPlayController.swift; sourceTree = "<group>"; };
		B007756A2BBD573100DD393C /* UILabel+addCharacterSpacing.swift */ = {isa = PBXFileReference; lastKnownFileType = sourcecode.swift; path = "UILabel+addCharacterSpacing.swift"; sourceTree = "<group>"; };
		B007756C2BC3C59900DD393C /* ExpandedTeamList.swift */ = {isa = PBXFileReference; lastKnownFileType = sourcecode.swift; path = ExpandedTeamList.swift; sourceTree = "<group>"; };
		B0523EAC2BC5234A00657990 /* LocationManager.swift */ = {isa = PBXFileReference; lastKnownFileType = sourcecode.swift; path = LocationManager.swift; sourceTree = "<group>"; };
		B0523ECA2BC6815000657990 /* Quest.swift */ = {isa = PBXFileReference; lastKnownFileType = sourcecode.swift; path = Quest.swift; sourceTree = "<group>"; };
		B0523ED02BC6B05000657990 /* InertiaWidgetsExtension.appex */ = {isa = PBXFileReference; explicitFileType = "wrapper.app-extension"; includeInIndex = 0; path = InertiaWidgetsExtension.appex; sourceTree = BUILT_PRODUCTS_DIR; };
		B0523ED22BC6B05000657990 /* WidgetKit.framework */ = {isa = PBXFileReference; lastKnownFileType = wrapper.framework; name = WidgetKit.framework; path = System/Library/Frameworks/WidgetKit.framework; sourceTree = SDKROOT; };
		B0523ED42BC6B05000657990 /* SwiftUI.framework */ = {isa = PBXFileReference; lastKnownFileType = wrapper.framework; name = SwiftUI.framework; path = System/Library/Frameworks/SwiftUI.framework; sourceTree = SDKROOT; };
		B0523ED72BC6B05000657990 /* InertiaWidgetsBundle.swift */ = {isa = PBXFileReference; lastKnownFileType = sourcecode.swift; path = InertiaWidgetsBundle.swift; sourceTree = "<group>"; };
		B0523ED92BC6B05000657990 /* InertiaWidgetsLiveActivity.swift */ = {isa = PBXFileReference; lastKnownFileType = sourcecode.swift; path = InertiaWidgetsLiveActivity.swift; sourceTree = "<group>"; };
		B0523EDB2BC6B05000657990 /* InertiaWidgets.swift */ = {isa = PBXFileReference; lastKnownFileType = sourcecode.swift; path = InertiaWidgets.swift; sourceTree = "<group>"; };
		B0523EDD2BC6B05000657990 /* AppIntent.swift */ = {isa = PBXFileReference; lastKnownFileType = sourcecode.swift; path = AppIntent.swift; sourceTree = "<group>"; };
		B0523EDF2BC6B05300657990 /* Assets.xcassets */ = {isa = PBXFileReference; lastKnownFileType = folder.assetcatalog; path = Assets.xcassets; sourceTree = "<group>"; };
		B0523EE12BC6B05300657990 /* Info.plist */ = {isa = PBXFileReference; lastKnownFileType = text.plist.xml; path = Info.plist; sourceTree = "<group>"; };
		B0523EEA2BC6B6A300657990 /* ActivityManager.swift */ = {isa = PBXFileReference; lastKnownFileType = sourcecode.swift; path = ActivityManager.swift; sourceTree = "<group>"; };
		B0523EEC2BC6BCA800657990 /* Inertia.entitlements */ = {isa = PBXFileReference; lastKnownFileType = text.plist.entitlements; path = Inertia.entitlements; sourceTree = "<group>"; };
		B09FD1CA2BC3EA590016BB4A /* LocationPicker.swift */ = {isa = PBXFileReference; lastKnownFileType = sourcecode.swift; path = LocationPicker.swift; sourceTree = "<group>"; };
		B09FD1CF2BC40AD50016BB4A /* ExpandedGameList.swift */ = {isa = PBXFileReference; lastKnownFileType = sourcecode.swift; path = ExpandedGameList.swift; sourceTree = "<group>"; };
/* End PBXFileReference section */

/* Begin PBXFrameworksBuildPhase section */
		B00775202BB8A52300DD393C /* Frameworks */ = {
			isa = PBXFrameworksBuildPhase;
			buildActionMask = 2147483647;
			files = (
			);
			runOnlyForDeploymentPostprocessing = 0;
		};
		B0523ECD2BC6B05000657990 /* Frameworks */ = {
			isa = PBXFrameworksBuildPhase;
			buildActionMask = 2147483647;
			files = (
				B0523ED52BC6B05000657990 /* SwiftUI.framework in Frameworks */,
				B0523ED32BC6B05000657990 /* WidgetKit.framework in Frameworks */,
			);
			runOnlyForDeploymentPostprocessing = 0;
		};
/* End PBXFrameworksBuildPhase section */

/* Begin PBXGroup section */
		B007751A2BB8A52300DD393C = {
			isa = PBXGroup;
			children = (
				B00775252BB8A52300DD393C /* Inertia */,
				B0523ED62BC6B05000657990 /* InertiaWidgets */,
				B0523ED12BC6B05000657990 /* Frameworks */,
				B00775242BB8A52300DD393C /* Products */,
			);
			sourceTree = "<group>";
		};
		B00775242BB8A52300DD393C /* Products */ = {
			isa = PBXGroup;
			children = (
				B00775232BB8A52300DD393C /* Inertia.app */,
				B0523ED02BC6B05000657990 /* InertiaWidgetsExtension.appex */,
			);
			name = Products;
			sourceTree = "<group>";
		};
		B00775252BB8A52300DD393C /* Inertia */ = {
			isa = PBXGroup;
			children = (
				B0523EEC2BC6BCA800657990 /* Inertia.entitlements */,
				B007753B2BB8AB5000DD393C /* Utils */,
				B00775362BB8A87600DD393C /* Views */,
				B00775352BB8A86C00DD393C /* Services */,
				B00775342BB8A86700DD393C /* Models */,
				B00775262BB8A52300DD393C /* InertiaApp.swift */,
				B007752A2BB8A52500DD393C /* Assets.xcassets */,
				B007752C2BB8A52500DD393C /* Preview Content */,
				B00021A62BCD1B6600DAB66B /* AppDelegate.swift */,
			);
			path = Inertia;
			sourceTree = "<group>";
		};
		B007752C2BB8A52500DD393C /* Preview Content */ = {
			isa = PBXGroup;
			children = (
				B007752D2BB8A52500DD393C /* Preview Assets.xcassets */,
			);
			path = "Preview Content";
			sourceTree = "<group>";
		};
		B00775342BB8A86700DD393C /* Models */ = {
			isa = PBXGroup;
			children = (
				B00775392BB8A92800DD393C /* User.swift */,
				B007754F2BB96B2B00DD393C /* Game.swift */,
				B00775592BB9B12600DD393C /* Team.swift */,
				B0523ECA2BC6815000657990 /* Quest.swift */,
			);
			path = Models;
			sourceTree = "<group>";
		};
		B00775352BB8A86C00DD393C /* Services */ = {
			isa = PBXGroup;
			children = (
				B00775372BB8A8FD00DD393C /* AuthService.swift */,
				B00775542BB96CC400DD393C /* GameService.swift */,
				B007755B2BB9B40200DD393C /* TeamService.swift */,
			);
			path = Services;
			sourceTree = "<group>";
		};
		B00775362BB8A87600DD393C /* Views */ = {
			isa = PBXGroup;
			children = (
				B09FD1C82BC3EA470016BB4A /* Shared */,
				B00775442BB8B21A00DD393C /* Home */,
				B00775282BB8A52300DD393C /* RootScreen.swift */,
				B00775422BB8B10500DD393C /* LoginScreen.swift */,
			);
			path = Views;
			sourceTree = "<group>";
		};
		B007753B2BB8AB5000DD393C /* Utils */ = {
			isa = PBXGroup;
			children = (
				B007753E2BB8AB9500DD393C /* Constants.swift */,
				B00775402BB8ABF600DD393C /* Endpoints.swift */,
				B00775472BB8B84B00DD393C /* Color.swift */,
				B00775492BB8C15700DD393C /* Keychain.swift */,
				B007754D2BB93B6E00DD393C /* Haptics.swift */,
				B007756A2BBD573100DD393C /* UILabel+addCharacterSpacing.swift */,
			);
			path = Utils;
			sourceTree = "<group>";
		};
		B00775442BB8B21A00DD393C /* Home */ = {
			isa = PBXGroup;
			children = (
				B00775582BB9B11200DD393C /* Team */,
				B00775512BB96C9E00DD393C /* Game */,
				B00775452BB8B22300DD393C /* HomeScreen.swift */,
				B007754B2BB9358400DD393C /* TopBarMenu.swift */,
			);
			path = Home;
			sourceTree = "<group>";
		};
		B00775512BB96C9E00DD393C /* Game */ = {
			isa = PBXGroup;
			children = (
				B00775612BB9CE0400DD393C /* GameCreateScreen.swift */,
				B00775522BB96CBA00DD393C /* GameItem.swift */,
				B00775562BB96DBA00DD393C /* GameList.swift */,
				B09FD1CF2BC40AD50016BB4A /* ExpandedGameList.swift */,
			);
			path = Game;
			sourceTree = "<group>";
		};
		B00775582BB9B11200DD393C /* Team */ = {
			isa = PBXGroup;
			children = (
				B00775632BBD2DE000DD393C /* Play */,
				B007755D2BB9B66D00DD393C /* TeamItem.swift */,
				B007755F2BB9BBC000DD393C /* TeamList.swift */,
				B007756C2BC3C59900DD393C /* ExpandedTeamList.swift */,
			);
			path = Team;
			sourceTree = "<group>";
		};
		B00775632BBD2DE000DD393C /* Play */ = {
			isa = PBXGroup;
			children = (
				B00775642BBD2E2200DD393C /* TeamPlayWrapper.swift */,
				B00775662BBD357600DD393C /* TeamPlayMenuController.swift */,
				B00775682BBD459400DD393C /* TeamPlayController.swift */,
			);
			path = Play;
			sourceTree = "<group>";
		};
		B0523EAB2BC5233900657990 /* LocationManager */ = {
			isa = PBXGroup;
			children = (
				B0523EAC2BC5234A00657990 /* LocationManager.swift */,
			);
			path = LocationManager;
			sourceTree = "<group>";
		};
		B0523ED12BC6B05000657990 /* Frameworks */ = {
			isa = PBXGroup;
			children = (
				B0523ED22BC6B05000657990 /* WidgetKit.framework */,
				B0523ED42BC6B05000657990 /* SwiftUI.framework */,
			);
			name = Frameworks;
			sourceTree = "<group>";
		};
		B0523ED62BC6B05000657990 /* InertiaWidgets */ = {
			isa = PBXGroup;
			children = (
				B0523ED72BC6B05000657990 /* InertiaWidgetsBundle.swift */,
				B0523ED92BC6B05000657990 /* InertiaWidgetsLiveActivity.swift */,
				B0523EDB2BC6B05000657990 /* InertiaWidgets.swift */,
				B0523EDD2BC6B05000657990 /* AppIntent.swift */,
				B0523EDF2BC6B05300657990 /* Assets.xcassets */,
				B0523EE12BC6B05300657990 /* Info.plist */,
			);
			path = InertiaWidgets;
			sourceTree = "<group>";
		};
		B0523EE92BC6B65C00657990 /* ActivityManager */ = {
			isa = PBXGroup;
			children = (
				B0523EEA2BC6B6A300657990 /* ActivityManager.swift */,
			);
			path = ActivityManager;
			sourceTree = "<group>";
		};
		B09FD1C82BC3EA470016BB4A /* Shared */ = {
			isa = PBXGroup;
			children = (
				B0523EE92BC6B65C00657990 /* ActivityManager */,
				B0523EAB2BC5233900657990 /* LocationManager */,
				B09FD1C92BC3EA4C0016BB4A /* LocationPicker */,
			);
			path = Shared;
			sourceTree = "<group>";
		};
		B09FD1C92BC3EA4C0016BB4A /* LocationPicker */ = {
			isa = PBXGroup;
			children = (
				B09FD1CA2BC3EA590016BB4A /* LocationPicker.swift */,
			);
			path = LocationPicker;
			sourceTree = "<group>";
		};
/* End PBXGroup section */

/* Begin PBXNativeTarget section */
		B00775222BB8A52300DD393C /* Inertia */ = {
			isa = PBXNativeTarget;
			buildConfigurationList = B00775312BB8A52500DD393C /* Build configuration list for PBXNativeTarget "Inertia" */;
			buildPhases = (
				B007751F2BB8A52300DD393C /* Sources */,
				B00775202BB8A52300DD393C /* Frameworks */,
				B00775212BB8A52300DD393C /* Resources */,
				B0523EE82BC6B05300657990 /* Embed Foundation Extensions */,
			);
			buildRules = (
			);
			dependencies = (
				B0523EE32BC6B05300657990 /* PBXTargetDependency */,
			);
			name = Inertia;
			productName = Inertia;
			productReference = B00775232BB8A52300DD393C /* Inertia.app */;
			productType = "com.apple.product-type.application";
		};
		B0523ECF2BC6B05000657990 /* InertiaWidgetsExtension */ = {
			isa = PBXNativeTarget;
			buildConfigurationList = B0523EE52BC6B05300657990 /* Build configuration list for PBXNativeTarget "InertiaWidgetsExtension" */;
			buildPhases = (
				B0523ECC2BC6B05000657990 /* Sources */,
				B0523ECD2BC6B05000657990 /* Frameworks */,
				B0523ECE2BC6B05000657990 /* Resources */,
			);
			buildRules = (
			);
			dependencies = (
			);
			name = InertiaWidgetsExtension;
			productName = InertiaWidgetsExtension;
			productReference = B0523ED02BC6B05000657990 /* InertiaWidgetsExtension.appex */;
			productType = "com.apple.product-type.app-extension";
		};
/* End PBXNativeTarget section */

/* Begin PBXProject section */
		B007751B2BB8A52300DD393C /* Project object */ = {
			isa = PBXProject;
			attributes = {
				BuildIndependentTargetsInParallel = 1;
				LastSwiftUpdateCheck = 1500;
				LastUpgradeCheck = 1500;
				TargetAttributes = {
					B00775222BB8A52300DD393C = {
						CreatedOnToolsVersion = 15.0.1;
					};
					B0523ECF2BC6B05000657990 = {
						CreatedOnToolsVersion = 15.0.1;
					};
				};
			};
			buildConfigurationList = B007751E2BB8A52300DD393C /* Build configuration list for PBXProject "Inertia" */;
			compatibilityVersion = "Xcode 14.0";
			developmentRegion = en;
			hasScannedForEncodings = 0;
			knownRegions = (
				en,
				Base,
			);
			mainGroup = B007751A2BB8A52300DD393C;
			productRefGroup = B00775242BB8A52300DD393C /* Products */;
			projectDirPath = "";
			projectRoot = "";
			targets = (
				B00775222BB8A52300DD393C /* Inertia */,
				B0523ECF2BC6B05000657990 /* InertiaWidgetsExtension */,
			);
		};
/* End PBXProject section */

/* Begin PBXResourcesBuildPhase section */
		B00775212BB8A52300DD393C /* Resources */ = {
			isa = PBXResourcesBuildPhase;
			buildActionMask = 2147483647;
			files = (
				B007752E2BB8A52500DD393C /* Preview Assets.xcassets in Resources */,
				B007752B2BB8A52500DD393C /* Assets.xcassets in Resources */,
			);
			runOnlyForDeploymentPostprocessing = 0;
		};
		B0523ECE2BC6B05000657990 /* Resources */ = {
			isa = PBXResourcesBuildPhase;
			buildActionMask = 2147483647;
			files = (
				B0523EE02BC6B05300657990 /* Assets.xcassets in Resources */,
			);
			runOnlyForDeploymentPostprocessing = 0;
		};
/* End PBXResourcesBuildPhase section */

/* Begin PBXSourcesBuildPhase section */
		B007751F2BB8A52300DD393C /* Sources */ = {
			isa = PBXSourcesBuildPhase;
			buildActionMask = 2147483647;
			files = (
				B00775602BB9BBC000DD393C /* TeamList.swift in Sources */,
				B007754E2BB93B6E00DD393C /* Haptics.swift in Sources */,
				B007754C2BB9358400DD393C /* TopBarMenu.swift in Sources */,
				B00775672BBD357600DD393C /* TeamPlayMenuController.swift in Sources */,
				B007753A2BB8A92800DD393C /* User.swift in Sources */,
				B00775502BB96B2B00DD393C /* Game.swift in Sources */,
				B0523EAD2BC5234A00657990 /* LocationManager.swift in Sources */,
				B00775532BB96CBA00DD393C /* GameItem.swift in Sources */,
				B00021A72BCD1B6600DAB66B /* AppDelegate.swift in Sources */,
				B00775432BB8B10500DD393C /* LoginScreen.swift in Sources */,
				B09FD1CB2BC3EA590016BB4A /* LocationPicker.swift in Sources */,
				B0523ECB2BC6815000657990 /* Quest.swift in Sources */,
				B0523EEB2BC6B6A300657990 /* ActivityManager.swift in Sources */,
				B00775382BB8A8FD00DD393C /* AuthService.swift in Sources */,
				B00775652BBD2E2200DD393C /* TeamPlayWrapper.swift in Sources */,
				B00775412BB8ABF600DD393C /* Endpoints.swift in Sources */,
				B007756D2BC3C59900DD393C /* ExpandedTeamList.swift in Sources */,
				B00775622BB9CE0500DD393C /* GameCreateScreen.swift in Sources */,
				B007756B2BBD573100DD393C /* UILabel+addCharacterSpacing.swift in Sources */,
				B00775692BBD459400DD393C /* TeamPlayController.swift in Sources */,
				B09FD1D02BC40AD50016BB4A /* ExpandedGameList.swift in Sources */,
				B007755A2BB9B12600DD393C /* Team.swift in Sources */,
				B00775462BB8B22300DD393C /* HomeScreen.swift in Sources */,
				B00775292BB8A52300DD393C /* RootScreen.swift in Sources */,
				B007755E2BB9B66D00DD393C /* TeamItem.swift in Sources */,
				B00775272BB8A52300DD393C /* InertiaApp.swift in Sources */,
				B007753F2BB8AB9500DD393C /* Constants.swift in Sources */,
				B00775552BB96CC400DD393C /* GameService.swift in Sources */,
				B00775482BB8B84B00DD393C /* Color.swift in Sources */,
				B007754A2BB8C15700DD393C /* Keychain.swift in Sources */,
				B007755C2BB9B40200DD393C /* TeamService.swift in Sources */,
				B00775572BB96DBA00DD393C /* GameList.swift in Sources */,
			);
			runOnlyForDeploymentPostprocessing = 0;
		};
		B0523ECC2BC6B05000657990 /* Sources */ = {
			isa = PBXSourcesBuildPhase;
			buildActionMask = 2147483647;
			files = (
				B0523EDA2BC6B05000657990 /* InertiaWidgetsLiveActivity.swift in Sources */,
				B0523EDE2BC6B05000657990 /* AppIntent.swift in Sources */,
				B0523EDC2BC6B05000657990 /* InertiaWidgets.swift in Sources */,
				B0523ED82BC6B05000657990 /* InertiaWidgetsBundle.swift in Sources */,
			);
			runOnlyForDeploymentPostprocessing = 0;
		};
/* End PBXSourcesBuildPhase section */

/* Begin PBXTargetDependency section */
		B0523EE32BC6B05300657990 /* PBXTargetDependency */ = {
			isa = PBXTargetDependency;
			target = B0523ECF2BC6B05000657990 /* InertiaWidgetsExtension */;
			targetProxy = B0523EE22BC6B05300657990 /* PBXContainerItemProxy */;
		};
/* End PBXTargetDependency section */

/* Begin XCBuildConfiguration section */
		B007752F2BB8A52500DD393C /* Debug */ = {
			isa = XCBuildConfiguration;
			buildSettings = {
				ALWAYS_SEARCH_USER_PATHS = NO;
				ASSETCATALOG_COMPILER_GENERATE_SWIFT_ASSET_SYMBOL_EXTENSIONS = YES;
				CLANG_ANALYZER_NONNULL = YES;
				CLANG_ANALYZER_NUMBER_OBJECT_CONVERSION = YES_AGGRESSIVE;
				CLANG_CXX_LANGUAGE_STANDARD = "gnu++20";
				CLANG_ENABLE_MODULES = YES;
				CLANG_ENABLE_OBJC_ARC = YES;
				CLANG_ENABLE_OBJC_WEAK = YES;
				CLANG_WARN_BLOCK_CAPTURE_AUTORELEASING = YES;
				CLANG_WARN_BOOL_CONVERSION = YES;
				CLANG_WARN_COMMA = YES;
				CLANG_WARN_CONSTANT_CONVERSION = YES;
				CLANG_WARN_DEPRECATED_OBJC_IMPLEMENTATIONS = YES;
				CLANG_WARN_DIRECT_OBJC_ISA_USAGE = YES_ERROR;
				CLANG_WARN_DOCUMENTATION_COMMENTS = YES;
				CLANG_WARN_EMPTY_BODY = YES;
				CLANG_WARN_ENUM_CONVERSION = YES;
				CLANG_WARN_INFINITE_RECURSION = YES;
				CLANG_WARN_INT_CONVERSION = YES;
				CLANG_WARN_NON_LITERAL_NULL_CONVERSION = YES;
				CLANG_WARN_OBJC_IMPLICIT_RETAIN_SELF = YES;
				CLANG_WARN_OBJC_LITERAL_CONVERSION = YES;
				CLANG_WARN_OBJC_ROOT_CLASS = YES_ERROR;
				CLANG_WARN_QUOTED_INCLUDE_IN_FRAMEWORK_HEADER = YES;
				CLANG_WARN_RANGE_LOOP_ANALYSIS = YES;
				CLANG_WARN_STRICT_PROTOTYPES = YES;
				CLANG_WARN_SUSPICIOUS_MOVE = YES;
				CLANG_WARN_UNGUARDED_AVAILABILITY = YES_AGGRESSIVE;
				CLANG_WARN_UNREACHABLE_CODE = YES;
				CLANG_WARN__DUPLICATE_METHOD_MATCH = YES;
				COPY_PHASE_STRIP = NO;
				DEBUG_INFORMATION_FORMAT = dwarf;
				ENABLE_STRICT_OBJC_MSGSEND = YES;
				ENABLE_TESTABILITY = YES;
				ENABLE_USER_SCRIPT_SANDBOXING = YES;
				GCC_C_LANGUAGE_STANDARD = gnu17;
				GCC_DYNAMIC_NO_PIC = NO;
				GCC_NO_COMMON_BLOCKS = YES;
				GCC_OPTIMIZATION_LEVEL = 0;
				GCC_PREPROCESSOR_DEFINITIONS = (
					"DEBUG=1",
					"$(inherited)",
				);
				GCC_WARN_64_TO_32_BIT_CONVERSION = YES;
				GCC_WARN_ABOUT_RETURN_TYPE = YES_ERROR;
				GCC_WARN_UNDECLARED_SELECTOR = YES;
				GCC_WARN_UNINITIALIZED_AUTOS = YES_AGGRESSIVE;
				GCC_WARN_UNUSED_FUNCTION = YES;
				GCC_WARN_UNUSED_VARIABLE = YES;
				IPHONEOS_DEPLOYMENT_TARGET = 17.0;
				LOCALIZATION_PREFERS_STRING_CATALOGS = YES;
				MTL_ENABLE_DEBUG_INFO = INCLUDE_SOURCE;
				MTL_FAST_MATH = YES;
				ONLY_ACTIVE_ARCH = YES;
				SDKROOT = iphoneos;
				SWIFT_ACTIVE_COMPILATION_CONDITIONS = "DEBUG $(inherited)";
				SWIFT_OPTIMIZATION_LEVEL = "-Onone";
			};
			name = Debug;
		};
		B00775302BB8A52500DD393C /* Release */ = {
			isa = XCBuildConfiguration;
			buildSettings = {
				ALWAYS_SEARCH_USER_PATHS = NO;
				ASSETCATALOG_COMPILER_GENERATE_SWIFT_ASSET_SYMBOL_EXTENSIONS = YES;
				CLANG_ANALYZER_NONNULL = YES;
				CLANG_ANALYZER_NUMBER_OBJECT_CONVERSION = YES_AGGRESSIVE;
				CLANG_CXX_LANGUAGE_STANDARD = "gnu++20";
				CLANG_ENABLE_MODULES = YES;
				CLANG_ENABLE_OBJC_ARC = YES;
				CLANG_ENABLE_OBJC_WEAK = YES;
				CLANG_WARN_BLOCK_CAPTURE_AUTORELEASING = YES;
				CLANG_WARN_BOOL_CONVERSION = YES;
				CLANG_WARN_COMMA = YES;
				CLANG_WARN_CONSTANT_CONVERSION = YES;
				CLANG_WARN_DEPRECATED_OBJC_IMPLEMENTATIONS = YES;
				CLANG_WARN_DIRECT_OBJC_ISA_USAGE = YES_ERROR;
				CLANG_WARN_DOCUMENTATION_COMMENTS = YES;
				CLANG_WARN_EMPTY_BODY = YES;
				CLANG_WARN_ENUM_CONVERSION = YES;
				CLANG_WARN_INFINITE_RECURSION = YES;
				CLANG_WARN_INT_CONVERSION = YES;
				CLANG_WARN_NON_LITERAL_NULL_CONVERSION = YES;
				CLANG_WARN_OBJC_IMPLICIT_RETAIN_SELF = YES;
				CLANG_WARN_OBJC_LITERAL_CONVERSION = YES;
				CLANG_WARN_OBJC_ROOT_CLASS = YES_ERROR;
				CLANG_WARN_QUOTED_INCLUDE_IN_FRAMEWORK_HEADER = YES;
				CLANG_WARN_RANGE_LOOP_ANALYSIS = YES;
				CLANG_WARN_STRICT_PROTOTYPES = YES;
				CLANG_WARN_SUSPICIOUS_MOVE = YES;
				CLANG_WARN_UNGUARDED_AVAILABILITY = YES_AGGRESSIVE;
				CLANG_WARN_UNREACHABLE_CODE = YES;
				CLANG_WARN__DUPLICATE_METHOD_MATCH = YES;
				COPY_PHASE_STRIP = NO;
				DEBUG_INFORMATION_FORMAT = "dwarf-with-dsym";
				ENABLE_NS_ASSERTIONS = NO;
				ENABLE_STRICT_OBJC_MSGSEND = YES;
				ENABLE_USER_SCRIPT_SANDBOXING = YES;
				GCC_C_LANGUAGE_STANDARD = gnu17;
				GCC_NO_COMMON_BLOCKS = YES;
				GCC_WARN_64_TO_32_BIT_CONVERSION = YES;
				GCC_WARN_ABOUT_RETURN_TYPE = YES_ERROR;
				GCC_WARN_UNDECLARED_SELECTOR = YES;
				GCC_WARN_UNINITIALIZED_AUTOS = YES_AGGRESSIVE;
				GCC_WARN_UNUSED_FUNCTION = YES;
				GCC_WARN_UNUSED_VARIABLE = YES;
				IPHONEOS_DEPLOYMENT_TARGET = 17.0;
				LOCALIZATION_PREFERS_STRING_CATALOGS = YES;
				MTL_ENABLE_DEBUG_INFO = NO;
				MTL_FAST_MATH = YES;
				SDKROOT = iphoneos;
				SWIFT_COMPILATION_MODE = wholemodule;
				VALIDATE_PRODUCT = YES;
			};
			name = Release;
		};
		B00775322BB8A52500DD393C /* Debug */ = {
			isa = XCBuildConfiguration;
			buildSettings = {
				ALWAYS_EMBED_SWIFT_STANDARD_LIBRARIES = YES;
				ASSETCATALOG_COMPILER_APPICON_NAME = AppIcon;
				ASSETCATALOG_COMPILER_GLOBAL_ACCENT_COLOR_NAME = AccentColor;
				CODE_SIGN_ENTITLEMENTS = Inertia/Inertia.entitlements;
				CODE_SIGN_STYLE = Automatic;
				CURRENT_PROJECT_VERSION = 1;
				DEVELOPMENT_ASSET_PATHS = "\"Inertia/Preview Content\"";
				DEVELOPMENT_TEAM = 2W5B7NT4AS;
				ENABLE_PREVIEWS = YES;
				GENERATE_INFOPLIST_FILE = YES;
				INFOPLIST_KEY_NSLocationAlwaysAndWhenInUseUsageDescription = "Inertia needs to use your location to display it to other users and to select locations.";
				INFOPLIST_KEY_NSLocationAlwaysUsageDescription = "Inertia needs to use your location to display it to other users.";
				INFOPLIST_KEY_NSLocationUsageDescription = "Inertia needs to use your location to display it to other users and to select locations.";
				INFOPLIST_KEY_NSLocationWhenInUseUsageDescription = "Inertia needs to use your location to display it to other users and to select locations.";
				INFOPLIST_KEY_NSSupportsLiveActivities = YES;
				INFOPLIST_KEY_NSSupportsLiveActivitiesFrequentUpdates = YES;
				INFOPLIST_KEY_UIApplicationSceneManifest_Generation = YES;
				INFOPLIST_KEY_UIApplicationSupportsIndirectInputEvents = YES;
				INFOPLIST_KEY_UILaunchScreen_Generation = YES;
				INFOPLIST_KEY_UISupportedInterfaceOrientations_iPad = "UIInterfaceOrientationPortrait UIInterfaceOrientationPortraitUpsideDown UIInterfaceOrientationLandscapeLeft UIInterfaceOrientationLandscapeRight";
				INFOPLIST_KEY_UISupportedInterfaceOrientations_iPhone = "UIInterfaceOrientationPortrait UIInterfaceOrientationLandscapeLeft UIInterfaceOrientationLandscapeRight";
				LD_RUNPATH_SEARCH_PATHS = (
					"$(inherited)",
					"@executable_path/Frameworks",
				);
				MARKETING_VERSION = 1.0;
				PRODUCT_BUNDLE_IDENTIFIER = dev.nattie.Inertia;
				PRODUCT_NAME = "$(TARGET_NAME)";
				SWIFT_EMIT_LOC_STRINGS = YES;
				SWIFT_VERSION = 5.0;
				TARGETED_DEVICE_FAMILY = "1,2";
			};
			name = Debug;
		};
		B00775332BB8A52500DD393C /* Release */ = {
			isa = XCBuildConfiguration;
			buildSettings = {
				ALWAYS_EMBED_SWIFT_STANDARD_LIBRARIES = YES;
				ASSETCATALOG_COMPILER_APPICON_NAME = AppIcon;
				ASSETCATALOG_COMPILER_GLOBAL_ACCENT_COLOR_NAME = AccentColor;
				CODE_SIGN_ENTITLEMENTS = Inertia/Inertia.entitlements;
				CODE_SIGN_STYLE = Automatic;
				CURRENT_PROJECT_VERSION = 1;
				DEVELOPMENT_ASSET_PATHS = "\"Inertia/Preview Content\"";
				DEVELOPMENT_TEAM = 2W5B7NT4AS;
				ENABLE_PREVIEWS = YES;
				GENERATE_INFOPLIST_FILE = YES;
				INFOPLIST_KEY_NSLocationAlwaysAndWhenInUseUsageDescription = "Inertia needs to use your location to display it to other users and to select locations.";
				INFOPLIST_KEY_NSLocationAlwaysUsageDescription = "Inertia needs to use your location to display it to other users.";
				INFOPLIST_KEY_NSLocationUsageDescription = "Inertia needs to use your location to display it to other users and to select locations.";
				INFOPLIST_KEY_NSLocationWhenInUseUsageDescription = "Inertia needs to use your location to display it to other users and to select locations.";
				INFOPLIST_KEY_NSSupportsLiveActivities = YES;
				INFOPLIST_KEY_NSSupportsLiveActivitiesFrequentUpdates = YES;
				INFOPLIST_KEY_UIApplicationSceneManifest_Generation = YES;
				INFOPLIST_KEY_UIApplicationSupportsIndirectInputEvents = YES;
				INFOPLIST_KEY_UILaunchScreen_Generation = YES;
				INFOPLIST_KEY_UISupportedInterfaceOrientations_iPad = "UIInterfaceOrientationPortrait UIInterfaceOrientationPortraitUpsideDown UIInterfaceOrientationLandscapeLeft UIInterfaceOrientationLandscapeRight";
				INFOPLIST_KEY_UISupportedInterfaceOrientations_iPhone = "UIInterfaceOrientationPortrait UIInterfaceOrientationLandscapeLeft UIInterfaceOrientationLandscapeRight";
				LD_RUNPATH_SEARCH_PATHS = (
					"$(inherited)",
					"@executable_path/Frameworks",
				);
				MARKETING_VERSION = 1.0;
				PRODUCT_BUNDLE_IDENTIFIER = dev.nattie.Inertia;
				PRODUCT_NAME = "$(TARGET_NAME)";
				SWIFT_EMIT_LOC_STRINGS = YES;
				SWIFT_VERSION = 5.0;
				TARGETED_DEVICE_FAMILY = "1,2";
			};
			name = Release;
		};
		B0523EE62BC6B05300657990 /* Debug */ = {
			isa = XCBuildConfiguration;
			buildSettings = {
				ASSETCATALOG_COMPILER_GLOBAL_ACCENT_COLOR_NAME = AccentColor;
				ASSETCATALOG_COMPILER_WIDGET_BACKGROUND_COLOR_NAME = WidgetBackground;
				CODE_SIGN_STYLE = Automatic;
				CURRENT_PROJECT_VERSION = 1;
				DEVELOPMENT_TEAM = 2W5B7NT4AS;
				GENERATE_INFOPLIST_FILE = YES;
				INFOPLIST_FILE = InertiaWidgets/Info.plist;
				INFOPLIST_KEY_CFBundleDisplayName = InertiaWidgets;
				INFOPLIST_KEY_NSHumanReadableCopyright = "";
				INFOPLIST_KEY_NSSupportsLiveActivities = YES;
				INFOPLIST_KEY_NSSupportsLiveActivitiesFrequentUpdates = YES;
				LD_RUNPATH_SEARCH_PATHS = (
					"$(inherited)",
					"@executable_path/Frameworks",
					"@executable_path/../../Frameworks",
				);
				MARKETING_VERSION = 1.0;
				PRODUCT_BUNDLE_IDENTIFIER = dev.nattie.Inertia.InertiaWidgets;
				PRODUCT_NAME = "$(TARGET_NAME)";
				SKIP_INSTALL = YES;
				SWIFT_EMIT_LOC_STRINGS = YES;
				SWIFT_VERSION = 5.0;
				TARGETED_DEVICE_FAMILY = "1,2";
			};
			name = Debug;
		};
		B0523EE72BC6B05300657990 /* Release */ = {
			isa = XCBuildConfiguration;
			buildSettings = {
				ASSETCATALOG_COMPILER_GLOBAL_ACCENT_COLOR_NAME = AccentColor;
				ASSETCATALOG_COMPILER_WIDGET_BACKGROUND_COLOR_NAME = WidgetBackground;
				CODE_SIGN_STYLE = Automatic;
				CURRENT_PROJECT_VERSION = 1;
				DEVELOPMENT_TEAM = 2W5B7NT4AS;
				GENERATE_INFOPLIST_FILE = YES;
				INFOPLIST_FILE = InertiaWidgets/Info.plist;
				INFOPLIST_KEY_CFBundleDisplayName = InertiaWidgets;
				INFOPLIST_KEY_NSHumanReadableCopyright = "";
				INFOPLIST_KEY_NSSupportsLiveActivities = YES;
				INFOPLIST_KEY_NSSupportsLiveActivitiesFrequentUpdates = YES;
				LD_RUNPATH_SEARCH_PATHS = (
					"$(inherited)",
					"@executable_path/Frameworks",
					"@executable_path/../../Frameworks",
				);
				MARKETING_VERSION = 1.0;
				PRODUCT_BUNDLE_IDENTIFIER = dev.nattie.Inertia.InertiaWidgets;
				PRODUCT_NAME = "$(TARGET_NAME)";
				SKIP_INSTALL = YES;
				SWIFT_EMIT_LOC_STRINGS = YES;
				SWIFT_VERSION = 5.0;
				TARGETED_DEVICE_FAMILY = "1,2";
			};
			name = Release;
		};
/* End XCBuildConfiguration section */

/* Begin XCConfigurationList section */
		B007751E2BB8A52300DD393C /* Build configuration list for PBXProject "Inertia" */ = {
			isa = XCConfigurationList;
			buildConfigurations = (
				B007752F2BB8A52500DD393C /* Debug */,
				B00775302BB8A52500DD393C /* Release */,
			);
			defaultConfigurationIsVisible = 0;
			defaultConfigurationName = Release;
		};
		B00775312BB8A52500DD393C /* Build configuration list for PBXNativeTarget "Inertia" */ = {
			isa = XCConfigurationList;
			buildConfigurations = (
				B00775322BB8A52500DD393C /* Debug */,
				B00775332BB8A52500DD393C /* Release */,
			);
			defaultConfigurationIsVisible = 0;
			defaultConfigurationName = Release;
		};
		B0523EE52BC6B05300657990 /* Build configuration list for PBXNativeTarget "InertiaWidgetsExtension" */ = {
			isa = XCConfigurationList;
			buildConfigurations = (
				B0523EE62BC6B05300657990 /* Debug */,
				B0523EE72BC6B05300657990 /* Release */,
			);
			defaultConfigurationIsVisible = 0;
			defaultConfigurationName = Release;
		};
/* End XCConfigurationList section */
	};
	rootObject = B007751B2BB8A52300DD393C /* Project object */;
}
